// !$*UTF8*$!
{
	archiveVersion = 1;
	classes = {
	};
	objectVersion = 50;
	objects = {

/* Begin PBXBuildFile section */
		25C6EAC52149718F0024DE1E /* AppDelegate.swift in Sources */ = {isa = PBXBuildFile; fileRef = 25C6EAC42149718F0024DE1E /* AppDelegate.swift */; };
		25C6EAC72149718F0024DE1E /* LoginViewController.swift in Sources */ = {isa = PBXBuildFile; fileRef = 25C6EAC62149718F0024DE1E /* LoginViewController.swift */; };
		25C6EACA2149718F0024DE1E /* Main.storyboard in Resources */ = {isa = PBXBuildFile; fileRef = 25C6EAC82149718F0024DE1E /* Main.storyboard */; };
		25C6EACC214971910024DE1E /* Assets.xcassets in Resources */ = {isa = PBXBuildFile; fileRef = 25C6EACB214971910024DE1E /* Assets.xcassets */; };
		25C6EACF214971910024DE1E /* LaunchScreen.storyboard in Resources */ = {isa = PBXBuildFile; fileRef = 25C6EACD214971910024DE1E /* LaunchScreen.storyboard */; };
		25C6EADA214971920024DE1E /* tukumokkumokkuTests.swift in Sources */ = {isa = PBXBuildFile; fileRef = 25C6EAD9214971920024DE1E /* tukumokkumokkuTests.swift */; };
		25C6EAE5214971920024DE1E /* tukumokkumokkuUITests.swift in Sources */ = {isa = PBXBuildFile; fileRef = 25C6EAE4214971920024DE1E /* tukumokkumokkuUITests.swift */; };
		25C6EB03214972D00024DE1E /* home.png in Resources */ = {isa = PBXBuildFile; fileRef = 25C6EAFE214972D00024DE1E /* home.png */; };
		25C6EB04214972D00024DE1E /* toukou.png in Resources */ = {isa = PBXBuildFile; fileRef = 25C6EAFF214972D00024DE1E /* toukou.png */; };
		25C6EB05214972D00024DE1E /* top.png in Resources */ = {isa = PBXBuildFile; fileRef = 25C6EB00214972D00024DE1E /* top.png */; };
		25C6EB06214972D00024DE1E /* last.png in Resources */ = {isa = PBXBuildFile; fileRef = 25C6EB01214972D00024DE1E /* last.png */; };
		25C6EB07214972D00024DE1E /* kakuni.png in Resources */ = {isa = PBXBuildFile; fileRef = 25C6EB02214972D00024DE1E /* kakuni.png */; };
		641D16FD214B44F4002B75C4 /* Constants.swift in Sources */ = {isa = PBXBuildFile; fileRef = 641D16FC214B44F4002B75C4 /* Constants.swift */; };
		641D16FF214B45E0002B75C4 /* TsukumoAPI.swift in Sources */ = {isa = PBXBuildFile; fileRef = 641D16FE214B45E0002B75C4 /* TsukumoAPI.swift */; };
		64350238214E262E004BE58D /* MapKit.framework in Frameworks */ = {isa = PBXBuildFile; fileRef = 64350237214E262E004BE58D /* MapKit.framework */; };
		6435023A214E43CF004BE58D /* logo.png in Resources */ = {isa = PBXBuildFile; fileRef = 64350239214E43CF004BE58D /* logo.png */; };
		64350240214E747C004BE58D /* outline_send_white_24pt.xcassets in Resources */ = {isa = PBXBuildFile; fileRef = 6435023F214E747B004BE58D /* outline_send_white_24pt.xcassets */; };
		64736133214FC79B00B8AC20 /* PostViewController.swift in Sources */ = {isa = PBXBuildFile; fileRef = 64736132214FC79B00B8AC20 /* PostViewController.swift */; };
		6489D0C3214FD1B700118D88 /* outline_location_on_black_24pt.xcassets in Resources */ = {isa = PBXBuildFile; fileRef = 6489D0C2214FD1B700118D88 /* outline_location_on_black_24pt.xcassets */; };
		6489D0C5214FEB4F00118D88 /* outline_close_white_24pt.xcassets in Resources */ = {isa = PBXBuildFile; fileRef = 6489D0C4214FEB4E00118D88 /* outline_close_white_24pt.xcassets */; };
		64D017082150C08300B0BBB1 /* baseline_location_on_black_24pt.xcassets in Resources */ = {isa = PBXBuildFile; fileRef = 64D017072150C08300B0BBB1 /* baseline_location_on_black_24pt.xcassets */; };
/* End PBXBuildFile section */

/* Begin PBXContainerItemProxy section */
		25C6EAD6214971920024DE1E /* PBXContainerItemProxy */ = {
			isa = PBXContainerItemProxy;
			containerPortal = 25C6EAB92149718F0024DE1E /* Project object */;
			proxyType = 1;
			remoteGlobalIDString = 25C6EAC02149718F0024DE1E;
			remoteInfo = tukumokkumokku;
		};
		25C6EAE1214971920024DE1E /* PBXContainerItemProxy */ = {
			isa = PBXContainerItemProxy;
			containerPortal = 25C6EAB92149718F0024DE1E /* Project object */;
			proxyType = 1;
			remoteGlobalIDString = 25C6EAC02149718F0024DE1E;
			remoteInfo = tukumokkumokku;
		};
/* End PBXContainerItemProxy section */

/* Begin PBXFileReference section */
		25C6EAC12149718F0024DE1E /* tukumokkumokku.app */ = {isa = PBXFileReference; explicitFileType = wrapper.application; includeInIndex = 0; path = tukumokkumokku.app; sourceTree = BUILT_PRODUCTS_DIR; };
		25C6EAC42149718F0024DE1E /* AppDelegate.swift */ = {isa = PBXFileReference; lastKnownFileType = sourcecode.swift; path = AppDelegate.swift; sourceTree = "<group>"; };
		25C6EAC62149718F0024DE1E /* LoginViewController.swift */ = {isa = PBXFileReference; lastKnownFileType = sourcecode.swift; path = LoginViewController.swift; sourceTree = "<group>"; };
		25C6EAC92149718F0024DE1E /* Base */ = {isa = PBXFileReference; lastKnownFileType = file.storyboard; name = Base; path = Base.lproj/Main.storyboard; sourceTree = "<group>"; };
		25C6EACB214971910024DE1E /* Assets.xcassets */ = {isa = PBXFileReference; lastKnownFileType = folder.assetcatalog; path = Assets.xcassets; sourceTree = "<group>"; };
		25C6EACE214971910024DE1E /* Base */ = {isa = PBXFileReference; lastKnownFileType = file.storyboard; name = Base; path = Base.lproj/LaunchScreen.storyboard; sourceTree = "<group>"; };
		25C6EAD0214971910024DE1E /* Info.plist */ = {isa = PBXFileReference; lastKnownFileType = text.plist.xml; path = Info.plist; sourceTree = "<group>"; };
		25C6EAD5214971920024DE1E /* tukumokkumokkuTests.xctest */ = {isa = PBXFileReference; explicitFileType = wrapper.cfbundle; includeInIndex = 0; path = tukumokkumokkuTests.xctest; sourceTree = BUILT_PRODUCTS_DIR; };
		25C6EAD9214971920024DE1E /* tukumokkumokkuTests.swift */ = {isa = PBXFileReference; lastKnownFileType = sourcecode.swift; path = tukumokkumokkuTests.swift; sourceTree = "<group>"; };
		25C6EADB214971920024DE1E /* Info.plist */ = {isa = PBXFileReference; lastKnownFileType = text.plist.xml; path = Info.plist; sourceTree = "<group>"; };
		25C6EAE0214971920024DE1E /* tukumokkumokkuUITests.xctest */ = {isa = PBXFileReference; explicitFileType = wrapper.cfbundle; includeInIndex = 0; path = tukumokkumokkuUITests.xctest; sourceTree = BUILT_PRODUCTS_DIR; };
		25C6EAE4214971920024DE1E /* tukumokkumokkuUITests.swift */ = {isa = PBXFileReference; lastKnownFileType = sourcecode.swift; path = tukumokkumokkuUITests.swift; sourceTree = "<group>"; };
		25C6EAE6214971920024DE1E /* Info.plist */ = {isa = PBXFileReference; lastKnownFileType = text.plist.xml; path = Info.plist; sourceTree = "<group>"; };
		25C6EAFE214972D00024DE1E /* home.png */ = {isa = PBXFileReference; lastKnownFileType = image.png; path = home.png; sourceTree = "<group>"; };
		25C6EAFF214972D00024DE1E /* toukou.png */ = {isa = PBXFileReference; lastKnownFileType = image.png; path = toukou.png; sourceTree = "<group>"; };
		25C6EB00214972D00024DE1E /* top.png */ = {isa = PBXFileReference; lastKnownFileType = image.png; path = top.png; sourceTree = "<group>"; };
		25C6EB01214972D00024DE1E /* last.png */ = {isa = PBXFileReference; lastKnownFileType = image.png; path = last.png; sourceTree = "<group>"; };
		25C6EB02214972D00024DE1E /* kakuni.png */ = {isa = PBXFileReference; lastKnownFileType = image.png; path = kakuni.png; sourceTree = "<group>"; };
		641D16FC214B44F4002B75C4 /* Constants.swift */ = {isa = PBXFileReference; lastKnownFileType = sourcecode.swift; path = Constants.swift; sourceTree = "<group>"; };
		641D16FE214B45E0002B75C4 /* TsukumoAPI.swift */ = {isa = PBXFileReference; lastKnownFileType = sourcecode.swift; path = TsukumoAPI.swift; sourceTree = "<group>"; };
		64350237214E262E004BE58D /* MapKit.framework */ = {isa = PBXFileReference; lastKnownFileType = wrapper.framework; name = MapKit.framework; path = System/Library/Frameworks/MapKit.framework; sourceTree = SDKROOT; };
		64350239214E43CF004BE58D /* logo.png */ = {isa = PBXFileReference; lastKnownFileType = image.png; path = logo.png; sourceTree = "<group>"; };
		6435023F214E747B004BE58D /* outline_send_white_24pt.xcassets */ = {isa = PBXFileReference; lastKnownFileType = folder.assetcatalog; path = outline_send_white_24pt.xcassets; sourceTree = "<group>"; };
		64736132214FC79B00B8AC20 /* PostViewController.swift */ = {isa = PBXFileReference; lastKnownFileType = sourcecode.swift; path = PostViewController.swift; sourceTree = "<group>"; };
		6489D0C2214FD1B700118D88 /* outline_location_on_black_24pt.xcassets */ = {isa = PBXFileReference; lastKnownFileType = folder.assetcatalog; path = outline_location_on_black_24pt.xcassets; sourceTree = "<group>"; };
		6489D0C4214FEB4E00118D88 /* outline_close_white_24pt.xcassets */ = {isa = PBXFileReference; lastKnownFileType = folder.assetcatalog; path = outline_close_white_24pt.xcassets; sourceTree = "<group>"; };
		64D017072150C08300B0BBB1 /* baseline_location_on_black_24pt.xcassets */ = {isa = PBXFileReference; lastKnownFileType = folder.assetcatalog; path = baseline_location_on_black_24pt.xcassets; sourceTree = "<group>"; };
/* End PBXFileReference section */

/* Begin PBXFrameworksBuildPhase section */
		25C6EABE2149718F0024DE1E /* Frameworks */ = {
			isa = PBXFrameworksBuildPhase;
			buildActionMask = 2147483647;
			files = (
				64350238214E262E004BE58D /* MapKit.framework in Frameworks */,
			);
			runOnlyForDeploymentPostprocessing = 0;
		};
		25C6EAD2214971920024DE1E /* Frameworks */ = {
			isa = PBXFrameworksBuildPhase;
			buildActionMask = 2147483647;
			files = (
			);
			runOnlyForDeploymentPostprocessing = 0;
		};
		25C6EADD214971920024DE1E /* Frameworks */ = {
			isa = PBXFrameworksBuildPhase;
			buildActionMask = 2147483647;
			files = (
			);
			runOnlyForDeploymentPostprocessing = 0;
		};
/* End PBXFrameworksBuildPhase section */

/* Begin PBXGroup section */
		25C6EAB82149718F0024DE1E = {
			isa = PBXGroup;
			children = (
				25C6EAC32149718F0024DE1E /* tukumokkumokku */,
				25C6EAD8214971920024DE1E /* tukumokkumokkuTests */,
				25C6EAE3214971920024DE1E /* tukumokkumokkuUITests */,
				25C6EAC22149718F0024DE1E /* Products */,
				64350236214E262E004BE58D /* Frameworks */,
			);
			sourceTree = "<group>";
		};
		25C6EAC22149718F0024DE1E /* Products */ = {
			isa = PBXGroup;
			children = (
				25C6EAC12149718F0024DE1E /* tukumokkumokku.app */,
				25C6EAD5214971920024DE1E /* tukumokkumokkuTests.xctest */,
				25C6EAE0214971920024DE1E /* tukumokkumokkuUITests.xctest */,
			);
			name = Products;
			sourceTree = "<group>";
		};
		25C6EAC32149718F0024DE1E /* tukumokkumokku */ = {
			isa = PBXGroup;
			children = (
				25C6EACB214971910024DE1E /* Assets.xcassets */,
				6489D0C4214FEB4E00118D88 /* outline_close_white_24pt.xcassets */,
				6435023F214E747B004BE58D /* outline_send_white_24pt.xcassets */,
				6489D0C2214FD1B700118D88 /* outline_location_on_black_24pt.xcassets */,
				64D017072150C08300B0BBB1 /* baseline_location_on_black_24pt.xcassets */,
				25C6EAC42149718F0024DE1E /* AppDelegate.swift */,
				25C6EACD214971910024DE1E /* LaunchScreen.storyboard */,
				25C6EAC82149718F0024DE1E /* Main.storyboard */,
				25C6EAC62149718F0024DE1E /* LoginViewController.swift */,
				64736132214FC79B00B8AC20 /* PostViewController.swift */,
				641D16FC214B44F4002B75C4 /* Constants.swift */,
				641D16FE214B45E0002B75C4 /* TsukumoAPI.swift */,
				25C6EAD0214971910024DE1E /* Info.plist */,
				25C6EAFD214972D00024DE1E /* img */,
			);
			path = tukumokkumokku;
			sourceTree = "<group>";
		};
		25C6EAD8214971920024DE1E /* tukumokkumokkuTests */ = {
			isa = PBXGroup;
			children = (
				25C6EAD9214971920024DE1E /* tukumokkumokkuTests.swift */,
				25C6EADB214971920024DE1E /* Info.plist */,
			);
			path = tukumokkumokkuTests;
			sourceTree = "<group>";
		};
		25C6EAE3214971920024DE1E /* tukumokkumokkuUITests */ = {
			isa = PBXGroup;
			children = (
				25C6EAE4214971920024DE1E /* tukumokkumokkuUITests.swift */,
				25C6EAE6214971920024DE1E /* Info.plist */,
			);
			path = tukumokkumokkuUITests;
			sourceTree = "<group>";
		};
		25C6EAFD214972D00024DE1E /* img */ = {
			isa = PBXGroup;
			children = (
				64350239214E43CF004BE58D /* logo.png */,
				25C6EAFE214972D00024DE1E /* home.png */,
				25C6EAFF214972D00024DE1E /* toukou.png */,
				25C6EB00214972D00024DE1E /* top.png */,
				25C6EB01214972D00024DE1E /* last.png */,
				25C6EB02214972D00024DE1E /* kakuni.png */,
			);
			path = img;
			sourceTree = SOURCE_ROOT;
		};
		64350236214E262E004BE58D /* Frameworks */ = {
			isa = PBXGroup;
			children = (
				64350237214E262E004BE58D /* MapKit.framework */,
			);
			name = Frameworks;
			sourceTree = "<group>";
		};
/* End PBXGroup section */

/* Begin PBXNativeTarget section */
		25C6EAC02149718F0024DE1E /* tukumokkumokku */ = {
			isa = PBXNativeTarget;
			buildConfigurationList = 25C6EAE9214971920024DE1E /* Build configuration list for PBXNativeTarget "tukumokkumokku" */;
			buildPhases = (
				25C6EABD2149718F0024DE1E /* Sources */,
				25C6EABE2149718F0024DE1E /* Frameworks */,
				25C6EABF2149718F0024DE1E /* Resources */,
			);
			buildRules = (
			);
			dependencies = (
			);
			name = tukumokkumokku;
			productName = tukumokkumokku;
			productReference = 25C6EAC12149718F0024DE1E /* tukumokkumokku.app */;
			productType = "com.apple.product-type.application";
		};
		25C6EAD4214971920024DE1E /* tukumokkumokkuTests */ = {
			isa = PBXNativeTarget;
			buildConfigurationList = 25C6EAEC214971920024DE1E /* Build configuration list for PBXNativeTarget "tukumokkumokkuTests" */;
			buildPhases = (
				25C6EAD1214971920024DE1E /* Sources */,
				25C6EAD2214971920024DE1E /* Frameworks */,
				25C6EAD3214971920024DE1E /* Resources */,
			);
			buildRules = (
			);
			dependencies = (
				25C6EAD7214971920024DE1E /* PBXTargetDependency */,
			);
			name = tukumokkumokkuTests;
			productName = tukumokkumokkuTests;
			productReference = 25C6EAD5214971920024DE1E /* tukumokkumokkuTests.xctest */;
			productType = "com.apple.product-type.bundle.unit-test";
		};
		25C6EADF214971920024DE1E /* tukumokkumokkuUITests */ = {
			isa = PBXNativeTarget;
			buildConfigurationList = 25C6EAEF214971920024DE1E /* Build configuration list for PBXNativeTarget "tukumokkumokkuUITests" */;
			buildPhases = (
				25C6EADC214971920024DE1E /* Sources */,
				25C6EADD214971920024DE1E /* Frameworks */,
				25C6EADE214971920024DE1E /* Resources */,
			);
			buildRules = (
			);
			dependencies = (
				25C6EAE2214971920024DE1E /* PBXTargetDependency */,
			);
			name = tukumokkumokkuUITests;
			productName = tukumokkumokkuUITests;
			productReference = 25C6EAE0214971920024DE1E /* tukumokkumokkuUITests.xctest */;
			productType = "com.apple.product-type.bundle.ui-testing";
		};
/* End PBXNativeTarget section */

/* Begin PBXProject section */
		25C6EAB92149718F0024DE1E /* Project object */ = {
			isa = PBXProject;
			attributes = {
				LastSwiftUpdateCheck = 0940;
				LastUpgradeCheck = 0940;
				ORGANIZATIONNAME = nakatake;
				TargetAttributes = {
					25C6EAC02149718F0024DE1E = {
						CreatedOnToolsVersion = 9.4.1;
						SystemCapabilities = {
							com.apple.Maps.iOS = {
								enabled = 1;
							};
						};
					};
					25C6EAD4214971920024DE1E = {
						CreatedOnToolsVersion = 9.4.1;
						TestTargetID = 25C6EAC02149718F0024DE1E;
					};
					25C6EADF214971920024DE1E = {
						CreatedOnToolsVersion = 9.4.1;
						TestTargetID = 25C6EAC02149718F0024DE1E;
					};
				};
			};
			buildConfigurationList = 25C6EABC2149718F0024DE1E /* Build configuration list for PBXProject "tukumokkumokku" */;
			compatibilityVersion = "Xcode 9.3";
			developmentRegion = en;
			hasScannedForEncodings = 0;
			knownRegions = (
				en,
				Base,
			);
			mainGroup = 25C6EAB82149718F0024DE1E;
			productRefGroup = 25C6EAC22149718F0024DE1E /* Products */;
			projectDirPath = "";
			projectRoot = "";
			targets = (
				25C6EAC02149718F0024DE1E /* tukumokkumokku */,
				25C6EAD4214971920024DE1E /* tukumokkumokkuTests */,
				25C6EADF214971920024DE1E /* tukumokkumokkuUITests */,
			);
		};
/* End PBXProject section */

/* Begin PBXResourcesBuildPhase section */
		25C6EABF2149718F0024DE1E /* Resources */ = {
			isa = PBXResourcesBuildPhase;
			buildActionMask = 2147483647;
			files = (
				25C6EB07214972D00024DE1E /* kakuni.png in Resources */,
				25C6EB03214972D00024DE1E /* home.png in Resources */,
				6435023A214E43CF004BE58D /* logo.png in Resources */,
				25C6EACF214971910024DE1E /* LaunchScreen.storyboard in Resources */,
				64350240214E747C004BE58D /* outline_send_white_24pt.xcassets in Resources */,
				25C6EACC214971910024DE1E /* Assets.xcassets in Resources */,
				6489D0C3214FD1B700118D88 /* outline_location_on_black_24pt.xcassets in Resources */,
				25C6EB05214972D00024DE1E /* top.png in Resources */,
				64D017082150C08300B0BBB1 /* baseline_location_on_black_24pt.xcassets in Resources */,
				25C6EACA2149718F0024DE1E /* Main.storyboard in Resources */,
				6489D0C5214FEB4F00118D88 /* outline_close_white_24pt.xcassets in Resources */,
				25C6EB06214972D00024DE1E /* last.png in Resources */,
				25C6EB04214972D00024DE1E /* toukou.png in Resources */,
			);
			runOnlyForDeploymentPostprocessing = 0;
		};
		25C6EAD3214971920024DE1E /* Resources */ = {
			isa = PBXResourcesBuildPhase;
			buildActionMask = 2147483647;
			files = (
			);
			runOnlyForDeploymentPostprocessing = 0;
		};
		25C6EADE214971920024DE1E /* Resources */ = {
			isa = PBXResourcesBuildPhase;
			buildActionMask = 2147483647;
			files = (
			);
			runOnlyForDeploymentPostprocessing = 0;
		};
/* End PBXResourcesBuildPhase section */

/* Begin PBXSourcesBuildPhase section */
		25C6EABD2149718F0024DE1E /* Sources */ = {
			isa = PBXSourcesBuildPhase;
			buildActionMask = 2147483647;
			files = (
				25C6EAC72149718F0024DE1E /* LoginViewController.swift in Sources */,
				641D16FF214B45E0002B75C4 /* TsukumoAPI.swift in Sources */,
				25C6EAC52149718F0024DE1E /* AppDelegate.swift in Sources */,
				641D16FD214B44F4002B75C4 /* Constants.swift in Sources */,
				64736133214FC79B00B8AC20 /* PostViewController.swift in Sources */,
			);
			runOnlyForDeploymentPostprocessing = 0;
		};
		25C6EAD1214971920024DE1E /* Sources */ = {
			isa = PBXSourcesBuildPhase;
			buildActionMask = 2147483647;
			files = (
				25C6EADA214971920024DE1E /* tukumokkumokkuTests.swift in Sources */,
			);
			runOnlyForDeploymentPostprocessing = 0;
		};
		25C6EADC214971920024DE1E /* Sources */ = {
			isa = PBXSourcesBuildPhase;
			buildActionMask = 2147483647;
			files = (
				25C6EAE5214971920024DE1E /* tukumokkumokkuUITests.swift in Sources */,
			);
			runOnlyForDeploymentPostprocessing = 0;
		};
/* End PBXSourcesBuildPhase section */

/* Begin PBXTargetDependency section */
		25C6EAD7214971920024DE1E /* PBXTargetDependency */ = {
			isa = PBXTargetDependency;
			target = 25C6EAC02149718F0024DE1E /* tukumokkumokku */;
			targetProxy = 25C6EAD6214971920024DE1E /* PBXContainerItemProxy */;
		};
		25C6EAE2214971920024DE1E /* PBXTargetDependency */ = {
			isa = PBXTargetDependency;
			target = 25C6EAC02149718F0024DE1E /* tukumokkumokku */;
			targetProxy = 25C6EAE1214971920024DE1E /* PBXContainerItemProxy */;
		};
/* End PBXTargetDependency section */

/* Begin PBXVariantGroup section */
		25C6EAC82149718F0024DE1E /* Main.storyboard */ = {
			isa = PBXVariantGroup;
			children = (
				25C6EAC92149718F0024DE1E /* Base */,
			);
			name = Main.storyboard;
			sourceTree = "<group>";
		};
		25C6EACD214971910024DE1E /* LaunchScreen.storyboard */ = {
			isa = PBXVariantGroup;
			children = (
				25C6EACE214971910024DE1E /* Base */,
			);
			name = LaunchScreen.storyboard;
			sourceTree = "<group>";
		};
/* End PBXVariantGroup section */

/* Begin XCBuildConfiguration section */
		25C6EAE7214971920024DE1E /* Debug */ = {
			isa = XCBuildConfiguration;
			buildSettings = {
				ALWAYS_SEARCH_USER_PATHS = NO;
				CLANG_ANALYZER_NONNULL = YES;
				CLANG_ANALYZER_NUMBER_OBJECT_CONVERSION = YES_AGGRESSIVE;
				CLANG_CXX_LANGUAGE_STANDARD = "gnu++14";
				CLANG_CXX_LIBRARY = "libc++";
				CLANG_ENABLE_MODULES = YES;
				CLANG_ENABLE_OBJC_ARC = YES;
				CLANG_ENABLE_OBJC_WEAK = YES;
				CLANG_WARN_BLOCK_CAPTURE_AUTORELEASING = YES;
				CLANG_WARN_BOOL_CONVERSION = YES;
				CLANG_WARN_COMMA = YES;
				CLANG_WARN_CONSTANT_CONVERSION = YES;
				CLANG_WARN_DEPRECATED_OBJC_IMPLEMENTATIONS = YES;
				CLANG_WARN_DIRECT_OBJC_ISA_USAGE = YES_ERROR;
				CLANG_WARN_DOCUMENTATION_COMMENTS = YES;
				CLANG_WARN_EMPTY_BODY = YES;
				CLANG_WARN_ENUM_CONVERSION = YES;
				CLANG_WARN_INFINITE_RECURSION = YES;
				CLANG_WARN_INT_CONVERSION = YES;
				CLANG_WARN_NON_LITERAL_NULL_CONVERSION = YES;
				CLANG_WARN_OBJC_IMPLICIT_RETAIN_SELF = YES;
				CLANG_WARN_OBJC_LITERAL_CONVERSION = YES;
				CLANG_WARN_OBJC_ROOT_CLASS = YES_ERROR;
				CLANG_WARN_RANGE_LOOP_ANALYSIS = YES;
				CLANG_WARN_STRICT_PROTOTYPES = YES;
				CLANG_WARN_SUSPICIOUS_MOVE = YES;
				CLANG_WARN_UNGUARDED_AVAILABILITY = YES_AGGRESSIVE;
				CLANG_WARN_UNREACHABLE_CODE = YES;
				CLANG_WARN__DUPLICATE_METHOD_MATCH = YES;
				CODE_SIGN_IDENTITY = "iPhone Developer";
				COPY_PHASE_STRIP = NO;
				DEBUG_INFORMATION_FORMAT = dwarf;
				ENABLE_STRICT_OBJC_MSGSEND = YES;
				ENABLE_TESTABILITY = YES;
				GCC_C_LANGUAGE_STANDARD = gnu11;
				GCC_DYNAMIC_NO_PIC = NO;
				GCC_NO_COMMON_BLOCKS = YES;
				GCC_OPTIMIZATION_LEVEL = 0;
				GCC_PREPROCESSOR_DEFINITIONS = (
					"DEBUG=1",
					"$(inherited)",
				);
				GCC_WARN_64_TO_32_BIT_CONVERSION = YES;
				GCC_WARN_ABOUT_RETURN_TYPE = YES_ERROR;
				GCC_WARN_UNDECLARED_SELECTOR = YES;
				GCC_WARN_UNINITIALIZED_AUTOS = YES_AGGRESSIVE;
				GCC_WARN_UNUSED_FUNCTION = YES;
				GCC_WARN_UNUSED_VARIABLE = YES;
				IPHONEOS_DEPLOYMENT_TARGET = 11.4;
				MTL_ENABLE_DEBUG_INFO = YES;
				ONLY_ACTIVE_ARCH = YES;
				SDKROOT = iphoneos;
				SWIFT_ACTIVE_COMPILATION_CONDITIONS = DEBUG;
				SWIFT_OPTIMIZATION_LEVEL = "-Onone";
			};
			name = Debug;
		};
		25C6EAE8214971920024DE1E /* Release */ = {
			isa = XCBuildConfiguration;
			buildSettings = {
				ALWAYS_SEARCH_USER_PATHS = NO;
				CLANG_ANALYZER_NONNULL = YES;
				CLANG_ANALYZER_NUMBER_OBJECT_CONVERSION = YES_AGGRESSIVE;
				CLANG_CXX_LANGUAGE_STANDARD = "gnu++14";
				CLANG_CXX_LIBRARY = "libc++";
				CLANG_ENABLE_MODULES = YES;
				CLANG_ENABLE_OBJC_ARC = YES;
				CLANG_ENABLE_OBJC_WEAK = YES;
				CLANG_WARN_BLOCK_CAPTURE_AUTORELEASING = YES;
				CLANG_WARN_BOOL_CONVERSION = YES;
				CLANG_WARN_COMMA = YES;
				CLANG_WARN_CONSTANT_CONVERSION = YES;
				CLANG_WARN_DEPRECATED_OBJC_IMPLEMENTATIONS = YES;
				CLANG_WARN_DIRECT_OBJC_ISA_USAGE = YES_ERROR;
				CLANG_WARN_DOCUMENTATION_COMMENTS = YES;
				CLANG_WARN_EMPTY_BODY = YES;
				CLANG_WARN_ENUM_CONVERSION = YES;
				CLANG_WARN_INFINITE_RECURSION = YES;
				CLANG_WARN_INT_CONVERSION = YES;
				CLANG_WARN_NON_LITERAL_NULL_CONVERSION = YES;
				CLANG_WARN_OBJC_IMPLICIT_RETAIN_SELF = YES;
				CLANG_WARN_OBJC_LITERAL_CONVERSION = YES;
				CLANG_WARN_OBJC_ROOT_CLASS = YES_ERROR;
				CLANG_WARN_RANGE_LOOP_ANALYSIS = YES;
				CLANG_WARN_STRICT_PROTOTYPES = YES;
				CLANG_WARN_SUSPICIOUS_MOVE = YES;
				CLANG_WARN_UNGUARDED_AVAILABILITY = YES_AGGRESSIVE;
				CLANG_WARN_UNREACHABLE_CODE = YES;
				CLANG_WARN__DUPLICATE_METHOD_MATCH = YES;
				CODE_SIGN_IDENTITY = "iPhone Developer";
				COPY_PHASE_STRIP = NO;
				DEBUG_INFORMATION_FORMAT = "dwarf-with-dsym";
				ENABLE_NS_ASSERTIONS = NO;
				ENABLE_STRICT_OBJC_MSGSEND = YES;
				GCC_C_LANGUAGE_STANDARD = gnu11;
				GCC_NO_COMMON_BLOCKS = YES;
				GCC_WARN_64_TO_32_BIT_CONVERSION = YES;
				GCC_WARN_ABOUT_RETURN_TYPE = YES_ERROR;
				GCC_WARN_UNDECLARED_SELECTOR = YES;
				GCC_WARN_UNINITIALIZED_AUTOS = YES_AGGRESSIVE;
				GCC_WARN_UNUSED_FUNCTION = YES;
				GCC_WARN_UNUSED_VARIABLE = YES;
				IPHONEOS_DEPLOYMENT_TARGET = 11.4;
				MTL_ENABLE_DEBUG_INFO = NO;
				SDKROOT = iphoneos;
				SWIFT_COMPILATION_MODE = wholemodule;
				SWIFT_OPTIMIZATION_LEVEL = "-O";
				VALIDATE_PRODUCT = YES;
			};
			name = Release;
		};
		25C6EAEA214971920024DE1E /* Debug */ = {
			isa = XCBuildConfiguration;
			buildSettings = {
				ASSETCATALOG_COMPILER_APPICON_NAME = AppIcon;
				CODE_SIGN_STYLE = Automatic;
				DEVELOPMENT_TEAM = BY6HR4HTRM;
				INFOPLIST_FILE = tukumokkumokku/Info.plist;
				LD_RUNPATH_SEARCH_PATHS = (
					"$(inherited)",
					"@executable_path/Frameworks",
				);
				PRODUCT_BUNDLE_IDENTIFIER = jp.uemtp2018.tsukumokku;
				PRODUCT_NAME = "$(TARGET_NAME)";
				SWIFT_VERSION = 4.0;
				TARGETED_DEVICE_FAMILY = "1,2";
			};
			name = Debug;
		};
		25C6EAEB214971920024DE1E /* Release */ = {
			isa = XCBuildConfiguration;
			buildSettings = {
				ASSETCATALOG_COMPILER_APPICON_NAME = AppIcon;
				CODE_SIGN_STYLE = Automatic;
				DEVELOPMENT_TEAM = BY6HR4HTRM;
				INFOPLIST_FILE = tukumokkumokku/Info.plist;
				LD_RUNPATH_SEARCH_PATHS = (
					"$(inherited)",
					"@executable_path/Frameworks",
				);
				PRODUCT_BUNDLE_IDENTIFIER = jp.uemtp2018.tsukumokku;
				PRODUCT_NAME = "$(TARGET_NAME)";
				SWIFT_VERSION = 4.0;
				TARGETED_DEVICE_FAMILY = "1,2";
			};
			name = Release;
		};
		25C6EAED214971920024DE1E /* Debug */ = {
			isa = XCBuildConfiguration;
			buildSettings = {
				ALWAYS_EMBED_SWIFT_STANDARD_LIBRARIES = YES;
				BUNDLE_LOADER = "$(TEST_HOST)";
				CODE_SIGN_STYLE = Automatic;
				INFOPLIST_FILE = tukumokkumokkuTests/Info.plist;
				LD_RUNPATH_SEARCH_PATHS = (
					"$(inherited)",
					"@executable_path/Frameworks",
					"@loader_path/Frameworks",
				);
				PRODUCT_BUNDLE_IDENTIFIER = swift.com.practice.tukumokkumokkuTests;
				PRODUCT_NAME = "$(TARGET_NAME)";
				SWIFT_VERSION = 4.0;
				TARGETED_DEVICE_FAMILY = "1,2";
				TEST_HOST = "$(BUILT_PRODUCTS_DIR)/tukumokkumokku.app/tukumokkumokku";
			};
			name = Debug;
		};
		25C6EAEE214971920024DE1E /* Release */ = {
			isa = XCBuildConfiguration;
			buildSettings = {
				ALWAYS_EMBED_SWIFT_STANDARD_LIBRARIES = YES;
				BUNDLE_LOADER = "$(TEST_HOST)";
				CODE_SIGN_STYLE = Automatic;
				INFOPLIST_FILE = tukumokkumokkuTests/Info.plist;
				LD_RUNPATH_SEARCH_PATHS = (
					"$(inherited)",
					"@executable_path/Frameworks",
					"@loader_path/Frameworks",
				);
				PRODUCT_BUNDLE_IDENTIFIER = swift.com.practice.tukumokkumokkuTests;
				PRODUCT_NAME = "$(TARGET_NAME)";
				SWIFT_VERSION = 4.0;
				TARGETED_DEVICE_FAMILY = "1,2";
				TEST_HOST = "$(BUILT_PRODUCTS_DIR)/tukumokkumokku.app/tukumokkumokku";
			};
			name = Release;
		};
		25C6EAF0214971920024DE1E /* Debug */ = {
			isa = XCBuildConfiguration;
			buildSettings = {
				ALWAYS_EMBED_SWIFT_STANDARD_LIBRARIES = YES;
				CODE_SIGN_STYLE = Automatic;
				INFOPLIST_FILE = tukumokkumokkuUITests/Info.plist;
				LD_RUNPATH_SEARCH_PATHS = (
					"$(inherited)",
					"@executable_path/Frameworks",
					"@loader_path/Frameworks",
				);
				PRODUCT_BUNDLE_IDENTIFIER = swift.com.practice.tukumokkumokkuUITests;
				PRODUCT_NAME = "$(TARGET_NAME)";
				SWIFT_VERSION = 4.0;
				TARGETED_DEVICE_FAMILY = "1,2";
				TEST_TARGET_NAME = tukumokkumokku;
			};
			name = Debug;
		};
		25C6EAF1214971920024DE1E /* Release */ = {
			isa = XCBuildConfiguration;
			buildSettings = {
				ALWAYS_EMBED_SWIFT_STANDARD_LIBRARIES = YES;
				CODE_SIGN_STYLE = Automatic;
				INFOPLIST_FILE = tukumokkumokkuUITests/Info.plist;
				LD_RUNPATH_SEARCH_PATHS = (
					"$(inherited)",
					"@executable_path/Frameworks",
					"@loader_path/Frameworks",
				);
				PRODUCT_BUNDLE_IDENTIFIER = swift.com.practice.tukumokkumokkuUITests;
				PRODUCT_NAME = "$(TARGET_NAME)";
				SWIFT_VERSION = 4.0;
				TARGETED_DEVICE_FAMILY = "1,2";
				TEST_TARGET_NAME = tukumokkumokku;
			};
			name = Release;
		};
/* End XCBuildConfiguration section */

/* Begin XCConfigurationList section */
		25C6EABC2149718F0024DE1E /* Build configuration list for PBXProject "tukumokkumokku" */ = {
			isa = XCConfigurationList;
			buildConfigurations = (
				25C6EAE7214971920024DE1E /* Debug */,
				25C6EAE8214971920024DE1E /* Release */,
			);
			defaultConfigurationIsVisible = 0;
			defaultConfigurationName = Release;
		};
		25C6EAE9214971920024DE1E /* Build configuration list for PBXNativeTarget "tukumokkumokku" */ = {
			isa = XCConfigurationList;
			buildConfigurations = (
				25C6EAEA214971920024DE1E /* Debug */,
				25C6EAEB214971920024DE1E /* Release */,
			);
			defaultConfigurationIsVisible = 0;
			defaultConfigurationName = Release;
		};
		25C6EAEC214971920024DE1E /* Build configuration list for PBXNativeTarget "tukumokkumokkuTests" */ = {
			isa = XCConfigurationList;
			buildConfigurations = (
				25C6EAED214971920024DE1E /* Debug */,
				25C6EAEE214971920024DE1E /* Release */,
			);
			defaultConfigurationIsVisible = 0;
			defaultConfigurationName = Release;
		};
		25C6EAEF214971920024DE1E /* Build configuration list for PBXNativeTarget "tukumokkumokkuUITests" */ = {
			isa = XCConfigurationList;
			buildConfigurations = (
				25C6EAF0214971920024DE1E /* Debug */,
				25C6EAF1214971920024DE1E /* Release */,
			);
			defaultConfigurationIsVisible = 0;
			defaultConfigurationName = Release;
		};
/* End XCConfigurationList section */
	};
	rootObject = 25C6EAB92149718F0024DE1E /* Project object */;
}
